
Microsoft Visual Studio Solution File, Format Version 12.00
# Visual Studio Version 17
VisualStudioVersion = 17.3.32825.248
MinimumVisualStudioVersion = 10.0.40219.1
Project("{8BC9CEB8-8B4A-11D0-8D11-00A0C91BC942}") = "Team8", "Team8.vcxproj", "{3D19BD92-77C7-43F9-9034-5E1D98BF3A8A}"
EndProject
Global
	GlobalSection(SolutionConfigurationPlatforms) = preSolution
		Debug|arm64 = Debug|arm64
		Debug|x64 = Debug|x64
		Debug|x86 = Debug|x86
		Release|arm64 = Release|arm64
		Release|x64 = Release|x64
		Release|x86 = Release|x86
	EndGlobalSection
	GlobalSection(ProjectConfigurationPlatforms) = postSolution
		{3D19BD92-77C7-43F9-9034-5E1D98BF3A8A}.Debug|arm64.ActiveCfg = Debug|arm64
		{3D19BD92-77C7-43F9-9034-5E1D98BF3A8A}.Debug|arm64.Build.0 = Debug|arm64
		{3D19BD92-77C7-43F9-9034-5E1D98BF3A8A}.Debug|arm64.Deploy.0 = Debug|arm64
		{3D19BD92-77C7-43F9-9034-5E1D98BF3A8A}.Debug|x64.ActiveCfg = Debug|x64
		{3D19BD92-77C7-43F9-9034-5E1D98BF3A8A}.Debug|x64.Build.0 = Debug|x64
		{3D19BD92-77C7-43F9-9034-5E1D98BF3A8A}.Debug|x64.Deploy.0 = Debug|x64
		{3D19BD92-77C7-43F9-9034-5E1D98BF3A8A}.Debug|x86.ActiveCfg = Debug|Win32
		{3D19BD92-77C7-43F9-9034-5E1D98BF3A8A}.Debug|x86.Build.0 = Debug|Win32
		{3D19BD92-77C7-43F9-9034-5E1D98BF3A8A}.Debug|x86.Deploy.0 = Debug|Win32
		{3D19BD92-77C7-43F9-9034-5E1D98BF3A8A}.Release|arm64.ActiveCfg = Release|arm64
		{3D19BD92-77C7-43F9-9034-5E1D98BF3A8A}.Release|arm64.Build.0 = Release|arm64
		{3D19BD92-77C7-43F9-9034-5E1D98BF3A8A}.Release|arm64.Deploy.0 = Release|arm64
		{3D19BD92-77C7-43F9-9034-5E1D98BF3A8A}.Release|x64.ActiveCfg = Release|x64
		{3D19BD92-77C7-43F9-9034-5E1D98BF3A8A}.Release|x64.Build.0 = Release|x64
		{3D19BD92-77C7-43F9-9034-5E1D98BF3A8A}.Release|x64.Deploy.0 = Release|x64
		{3D19BD92-77C7-43F9-9034-5E1D98BF3A8A}.Release|x86.ActiveCfg = Release|Win32
		{3D19BD92-77C7-43F9-9034-5E1D98BF3A8A}.Release|x86.Build.0 = Release|Win32
		{3D19BD92-77C7-43F9-9034-5E1D98BF3A8A}.Release|x86.Deploy.0 = Release|Win32
	EndGlobalSection
	GlobalSection(SolutionProperties) = preSolution
		HideSolutionNode = FALSE
	EndGlobalSection
	GlobalSection(ExtensibilityGlobals) = postSolution
		SolutionGuid = {B932492A-FB23-4122-B900-FFA74CAA5EAA}
	EndGlobalSection
EndGlobal
